
Microsoft Visual Studio Solution File, Format Version 12.00
# Visual Studio Version 17
VisualStudioVersion = 17.11.35208.52
MinimumVisualStudioVersion = 10.0.40219.1
Project("{FAE04EC0-301F-11D3-BF4B-00C04F79EFBC}") = "SyncfusionIssue", "SyncfusionIssue\SyncfusionIssue.csproj", "{87CD453C-5E53-4CCF-97CB-ED995F7D7196}"
EndProject
Global
	GlobalSection(SolutionConfigurationPlatforms) = preSolution
		Debug|Any CPU = Debug|Any CPU
		Release|Any CPU = Release|Any CPU
	EndGlobalSection
	GlobalSection(ProjectConfigurationPlatforms) = postSolution
		{87CD453C-5E53-4CCF-97CB-ED995F7D7196}.Debug|Any CPU.ActiveCfg = Debug|Any CPU
		{87CD453C-5E53-4CCF-97CB-ED995F7D7196}.Debug|Any CPU.Build.0 = Debug|Any CPU
		{87CD453C-5E53-4CCF-97CB-ED995F7D7196}.Debug|Any CPU.Deploy.0 = Debug|Any CPU
		{87CD453C-5E53-4CCF-97CB-ED995F7D7196}.Release|Any CPU.ActiveCfg = Release|Any CPU
		{87CD453C-5E53-4CCF-97CB-ED995F7D7196}.Release|Any CPU.Build.0 = Release|Any CPU
		{87CD453C-5E53-4CCF-97CB-ED995F7D7196}.Release|Any CPU.Deploy.0 = Release|Any CPU
	EndGlobalSection
	GlobalSection(SolutionProperties) = preSolution
		HideSolutionNode = FALSE
	EndGlobalSection
	GlobalSection(ExtensibilityGlobals) = postSolution
		SolutionGuid = {7D705CD7-44D0-4436-8C40-D1142DA852F2}
	EndGlobalSection
EndGlobal
